{
  "name": "@jnode/discord",
  "version": "2.0.0",
  "lockfileVersion": 3,
  "requires": true,
  "packages": {
    "": {
      "name": "@jnode/discord",
      "version": "2.0.0",
      "license": "Apache-2.0",
      "dependencies": {
        "@jnode/request": "^2.1.3"
      },
      "engines": {
        "node": ">=22.4.0"
      }
    },
    "node_modules/@jnode/request": {
      "version": "2.1.3",
      "resolved": "https://registry.npmjs.org/@jnode/request/-/request-2.1.3.tgz",
      "integrity": "sha512-YZmb0tQsQY/NFMm5SJWHNwehB02hRFiRpSkpa08qzTTCoJm2UD0y0i/UYxC+e7QAPlshIxScsir5VVq7Cahk2Q==",
      "license": "Apache-2.0"
    }
  }
}
